// !$*UTF8*$!
{
	archiveVersion = 1;
	classes = {
	};
	objectVersion = 52;
	objects = {

/* Begin PBXBuildFile section */
		FB03F68B25A6028B003E26B5 /* Reusable in Frameworks */ = {isa = PBXBuildFile; productRef = FB03F68A25A6028B003E26B5 /* Reusable */; };
		FB03F68F25A602E6003E26B5 /* RealmSwift in Frameworks */ = {isa = PBXBuildFile; productRef = FB03F68E25A602E6003E26B5 /* RealmSwift */; };
		FB1382A425A5A190009F5301 /* MainPageModel.swift in Sources */ = {isa = PBXBuildFile; fileRef = FB1382A325A5A190009F5301 /* MainPageModel.swift */; };
		FB1382AD25A5A655009F5301 /* MainTableViewCell.swift in Sources */ = {isa = PBXBuildFile; fileRef = FB1382AC25A5A655009F5301 /* MainTableViewCell.swift */; };
		FB1799B125A560EA0090BD86 /* AppDelegate.swift in Sources */ = {isa = PBXBuildFile; fileRef = FB1799B025A560EA0090BD86 /* AppDelegate.swift */; };
		FB1799B325A560EA0090BD86 /* SceneDelegate.swift in Sources */ = {isa = PBXBuildFile; fileRef = FB1799B225A560EA0090BD86 /* SceneDelegate.swift */; };
		FB1799B525A560EA0090BD86 /* MainVC.swift in Sources */ = {isa = PBXBuildFile; fileRef = FB1799B425A560EA0090BD86 /* MainVC.swift */; };
		FB1799BA25A560EB0090BD86 /* Assets.xcassets in Resources */ = {isa = PBXBuildFile; fileRef = FB1799B925A560EB0090BD86 /* Assets.xcassets */; };
		FB1799BD25A560EB0090BD86 /* LaunchScreen.storyboard in Resources */ = {isa = PBXBuildFile; fileRef = FB1799BB25A560EB0090BD86 /* LaunchScreen.storyboard */; };
		FB62ED4D25A5C00D00CC4686 /* ContentVC.swift in Sources */ = {isa = PBXBuildFile; fileRef = FB62ED4C25A5C00D00CC4686 /* ContentVC.swift */; };
		FB62ED5025A5C01800CC4686 /* ContentView.swift in Sources */ = {isa = PBXBuildFile; fileRef = FB62ED4F25A5C01800CC4686 /* ContentView.swift */; };
		FB62ED5525A600E500CC4686 /* RealmManager.swift in Sources */ = {isa = PBXBuildFile; fileRef = FB62ED5425A600E500CC4686 /* RealmManager.swift */; };
		FBF5B64D25A5A80B00758071 /* MainView.swift in Sources */ = {isa = PBXBuildFile; fileRef = FBF5B64C25A5A80B00758071 /* MainView.swift */; };
/* End PBXBuildFile section */

/* Begin PBXFileReference section */
		FB1382A325A5A190009F5301 /* MainPageModel.swift */ = {isa = PBXFileReference; lastKnownFileType = sourcecode.swift; path = MainPageModel.swift; sourceTree = "<group>"; };
		FB1382AC25A5A655009F5301 /* MainTableViewCell.swift */ = {isa = PBXFileReference; lastKnownFileType = sourcecode.swift; path = MainTableViewCell.swift; sourceTree = "<group>"; };
		FB1799AD25A560EA0090BD86 /* TodoistWithRealm.app */ = {isa = PBXFileReference; explicitFileType = wrapper.application; includeInIndex = 0; path = TodoistWithRealm.app; sourceTree = BUILT_PRODUCTS_DIR; };
		FB1799B025A560EA0090BD86 /* AppDelegate.swift */ = {isa = PBXFileReference; lastKnownFileType = sourcecode.swift; path = AppDelegate.swift; sourceTree = "<group>"; };
		FB1799B225A560EA0090BD86 /* SceneDelegate.swift */ = {isa = PBXFileReference; lastKnownFileType = sourcecode.swift; path = SceneDelegate.swift; sourceTree = "<group>"; };
		FB1799B425A560EA0090BD86 /* MainVC.swift */ = {isa = PBXFileReference; lastKnownFileType = sourcecode.swift; path = MainVC.swift; sourceTree = "<group>"; };
		FB1799B925A560EB0090BD86 /* Assets.xcassets */ = {isa = PBXFileReference; lastKnownFileType = folder.assetcatalog; path = Assets.xcassets; sourceTree = "<group>"; };
		FB1799BC25A560EB0090BD86 /* Base */ = {isa = PBXFileReference; lastKnownFileType = file.storyboard; name = Base; path = Base.lproj/LaunchScreen.storyboard; sourceTree = "<group>"; };
		FB1799BE25A560EB0090BD86 /* Info.plist */ = {isa = PBXFileReference; lastKnownFileType = text.plist.xml; path = Info.plist; sourceTree = "<group>"; };
		FB62ED4C25A5C00D00CC4686 /* ContentVC.swift */ = {isa = PBXFileReference; lastKnownFileType = sourcecode.swift; path = ContentVC.swift; sourceTree = "<group>"; };
		FB62ED4F25A5C01800CC4686 /* ContentView.swift */ = {isa = PBXFileReference; lastKnownFileType = sourcecode.swift; path = ContentView.swift; sourceTree = "<group>"; };
		FB62ED5425A600E500CC4686 /* RealmManager.swift */ = {isa = PBXFileReference; lastKnownFileType = sourcecode.swift; path = RealmManager.swift; sourceTree = "<group>"; };
		FBF5B64C25A5A80B00758071 /* MainView.swift */ = {isa = PBXFileReference; lastKnownFileType = sourcecode.swift; path = MainView.swift; sourceTree = "<group>"; };
/* End PBXFileReference section */

/* Begin PBXFrameworksBuildPhase section */
		FB1799AA25A560EA0090BD86 /* Frameworks */ = {
			isa = PBXFrameworksBuildPhase;
			buildActionMask = 2147483647;
			files = (
				FB03F68F25A602E6003E26B5 /* RealmSwift in Frameworks */,
				FB03F68B25A6028B003E26B5 /* Reusable in Frameworks */,
			);
			runOnlyForDeploymentPostprocessing = 0;
		};
/* End PBXFrameworksBuildPhase section */

/* Begin PBXGroup section */
		FB13829E25A5A14D009F5301 /* MainPage */ = {
			isa = PBXGroup;
			children = (
				FB1382A225A5A180009F5301 /* Model */,
				FB1382A925A5A618009F5301 /* View */,
				FB1382A625A5A5D6009F5301 /* Controller */,
			);
			path = MainPage;
			sourceTree = "<group>";
		};
		FB1382A225A5A180009F5301 /* Model */ = {
			isa = PBXGroup;
			children = (
				FB1382A325A5A190009F5301 /* MainPageModel.swift */,
			);
			path = Model;
			sourceTree = "<group>";
		};
		FB1382A625A5A5D6009F5301 /* Controller */ = {
			isa = PBXGroup;
			children = (
				FB1799B425A560EA0090BD86 /* MainVC.swift */,
			);
			path = Controller;
			sourceTree = "<group>";
		};
		FB1382A925A5A618009F5301 /* View */ = {
			isa = PBXGroup;
			children = (
				FBF5B64C25A5A80B00758071 /* MainView.swift */,
				FB1382AA25A5A61C009F5301 /* TableViewcell */,
			);
			path = View;
			sourceTree = "<group>";
		};
		FB1382AA25A5A61C009F5301 /* TableViewcell */ = {
			isa = PBXGroup;
			children = (
				FB1382AC25A5A655009F5301 /* MainTableViewCell.swift */,
			);
			path = TableViewcell;
			sourceTree = "<group>";
		};
		FB1799A425A560EA0090BD86 = {
			isa = PBXGroup;
			children = (
				FB1799AF25A560EA0090BD86 /* TodoistWithRealm */,
				FB1799AE25A560EA0090BD86 /* Products */,
			);
			sourceTree = "<group>";
		};
		FB1799AE25A560EA0090BD86 /* Products */ = {
			isa = PBXGroup;
			children = (
				FB1799AD25A560EA0090BD86 /* TodoistWithRealm.app */,
			);
			name = Products;
			sourceTree = "<group>";
		};
		FB1799AF25A560EA0090BD86 /* TodoistWithRealm */ = {
			isa = PBXGroup;
			children = (
				FB62ED5325A600D300CC4686 /* Realm */,
				FB13829E25A5A14D009F5301 /* MainPage */,
				FB62ED4825A5BFD700CC4686 /* ContentVC */,
				FB1799B025A560EA0090BD86 /* AppDelegate.swift */,
				FB1799B225A560EA0090BD86 /* SceneDelegate.swift */,
				FB1799B925A560EB0090BD86 /* Assets.xcassets */,
				FB1799BB25A560EB0090BD86 /* LaunchScreen.storyboard */,
				FB1799BE25A560EB0090BD86 /* Info.plist */,
			);
			path = TodoistWithRealm;
			sourceTree = "<group>";
		};
		FB62ED4825A5BFD700CC4686 /* ContentVC */ = {
			isa = PBXGroup;
			children = (
				FB62ED4A25A5BFE400CC4686 /* View */,
				FB62ED4925A5BFE200CC4686 /* Controller */,
			);
			path = ContentVC;
			sourceTree = "<group>";
		};
		FB62ED4925A5BFE200CC4686 /* Controller */ = {
			isa = PBXGroup;
			children = (
				FB62ED4C25A5C00D00CC4686 /* ContentVC.swift */,
			);
			path = Controller;
			sourceTree = "<group>";
		};
		FB62ED4A25A5BFE400CC4686 /* View */ = {
			isa = PBXGroup;
			children = (
				FB62ED4F25A5C01800CC4686 /* ContentView.swift */,
			);
			path = View;
			sourceTree = "<group>";
		};
		FB62ED5325A600D300CC4686 /* Realm */ = {
			isa = PBXGroup;
			children = (
				FB62ED5425A600E500CC4686 /* RealmManager.swift */,
			);
			path = Realm;
			sourceTree = "<group>";
		};
/* End PBXGroup section */

/* Begin PBXNativeTarget section */
		FB1799AC25A560EA0090BD86 /* TodoistWithRealm */ = {
			isa = PBXNativeTarget;
			buildConfigurationList = FB1799C125A560EB0090BD86 /* Build configuration list for PBXNativeTarget "TodoistWithRealm" */;
			buildPhases = (
				FB1799A925A560EA0090BD86 /* Sources */,
				FB1799AA25A560EA0090BD86 /* Frameworks */,
				FB1799AB25A560EA0090BD86 /* Resources */,
			);
			buildRules = (
			);
			dependencies = (
			);
			name = TodoistWithRealm;
			packageProductDependencies = (
				FB03F68A25A6028B003E26B5 /* Reusable */,
				FB03F68E25A602E6003E26B5 /* RealmSwift */,
			);
			productName = TodoistWithRealm;
			productReference = FB1799AD25A560EA0090BD86 /* TodoistWithRealm.app */;
			productType = "com.apple.product-type.application";
		};
/* End PBXNativeTarget section */

/* Begin PBXProject section */
		FB1799A525A560EA0090BD86 /* Project object */ = {
			isa = PBXProject;
			attributes = {
				LastSwiftUpdateCheck = 1200;
				LastUpgradeCheck = 1200;
				TargetAttributes = {
					FB1799AC25A560EA0090BD86 = {
						CreatedOnToolsVersion = 12.0.1;
					};
				};
			};
			buildConfigurationList = FB1799A825A560EA0090BD86 /* Build configuration list for PBXProject "TodoistWithRealm" */;
			compatibilityVersion = "Xcode 9.3";
			developmentRegion = en;
			hasScannedForEncodings = 0;
			knownRegions = (
				en,
				Base,
			);
			mainGroup = FB1799A425A560EA0090BD86;
			packageReferences = (
				FB03F68925A6028B003E26B5 /* XCRemoteSwiftPackageReference "Reusable" */,
				FB03F68D25A602E6003E26B5 /* XCRemoteSwiftPackageReference "realm-cocoa" */,
			);
			productRefGroup = FB1799AE25A560EA0090BD86 /* Products */;
			projectDirPath = "";
			projectRoot = "";
			targets = (
				FB1799AC25A560EA0090BD86 /* TodoistWithRealm */,
			);
		};
/* End PBXProject section */

/* Begin PBXResourcesBuildPhase section */
		FB1799AB25A560EA0090BD86 /* Resources */ = {
			isa = PBXResourcesBuildPhase;
			buildActionMask = 2147483647;
			files = (
				FB1799BD25A560EB0090BD86 /* LaunchScreen.storyboard in Resources */,
				FB1799BA25A560EB0090BD86 /* Assets.xcassets in Resources */,
			);
			runOnlyForDeploymentPostprocessing = 0;
		};
/* End PBXResourcesBuildPhase section */

/* Begin PBXSourcesBuildPhase section */
		FB1799A925A560EA0090BD86 /* Sources */ = {
			isa = PBXSourcesBuildPhase;
			buildActionMask = 2147483647;
			files = (
				FB62ED5025A5C01800CC4686 /* ContentView.swift in Sources */,
				FB1799B525A560EA0090BD86 /* MainVC.swift in Sources */,
				FBF5B64D25A5A80B00758071 /* MainView.swift in Sources */,
				FB1382A425A5A190009F5301 /* MainPageModel.swift in Sources */,
				FB1799B125A560EA0090BD86 /* AppDelegate.swift in Sources */,
				FB62ED5525A600E500CC4686 /* RealmManager.swift in Sources */,
				FB62ED4D25A5C00D00CC4686 /* ContentVC.swift in Sources */,
				FB1799B325A560EA0090BD86 /* SceneDelegate.swift in Sources */,
				FB1382AD25A5A655009F5301 /* MainTableViewCell.swift in Sources */,
			);
			runOnlyForDeploymentPostprocessing = 0;
		};
/* End PBXSourcesBuildPhase section */

/* Begin PBXVariantGroup section */
		FB1799BB25A560EB0090BD86 /* LaunchScreen.storyboard */ = {
			isa = PBXVariantGroup;
			children = (
				FB1799BC25A560EB0090BD86 /* Base */,
			);
			name = LaunchScreen.storyboard;
			sourceTree = "<group>";
		};
/* End PBXVariantGroup section */

/* Begin XCBuildConfiguration section */
		FB1799BF25A560EB0090BD86 /* Debug */ = {
			isa = XCBuildConfiguration;
			buildSettings = {
				ALWAYS_SEARCH_USER_PATHS = NO;
				CLANG_ANALYZER_NONNULL = YES;
				CLANG_ANALYZER_NUMBER_OBJECT_CONVERSION = YES_AGGRESSIVE;
				CLANG_CXX_LANGUAGE_STANDARD = "gnu++14";
				CLANG_CXX_LIBRARY = "libc++";
				CLANG_ENABLE_MODULES = YES;
				CLANG_ENABLE_OBJC_ARC = YES;
				CLANG_ENABLE_OBJC_WEAK = YES;
				CLANG_WARN_BLOCK_CAPTURE_AUTORELEASING = YES;
				CLANG_WARN_BOOL_CONVERSION = YES;
				CLANG_WARN_COMMA = YES;
				CLANG_WARN_CONSTANT_CONVERSION = YES;
				CLANG_WARN_DEPRECATED_OBJC_IMPLEMENTATIONS = YES;
				CLANG_WARN_DIRECT_OBJC_ISA_USAGE = YES_ERROR;
				CLANG_WARN_DOCUMENTATION_COMMENTS = YES;
				CLANG_WARN_EMPTY_BODY = YES;
				CLANG_WARN_ENUM_CONVERSION = YES;
				CLANG_WARN_INFINITE_RECURSION = YES;
				CLANG_WARN_INT_CONVERSION = YES;
				CLANG_WARN_NON_LITERAL_NULL_CONVERSION = YES;
				CLANG_WARN_OBJC_IMPLICIT_RETAIN_SELF = YES;
				CLANG_WARN_OBJC_LITERAL_CONVERSION = YES;
				CLANG_WARN_OBJC_ROOT_CLASS = YES_ERROR;
				CLANG_WARN_QUOTED_INCLUDE_IN_FRAMEWORK_HEADER = YES;
				CLANG_WARN_RANGE_LOOP_ANALYSIS = YES;
				CLANG_WARN_STRICT_PROTOTYPES = YES;
				CLANG_WARN_SUSPICIOUS_MOVE = YES;
				CLANG_WARN_UNGUARDED_AVAILABILITY = YES_AGGRESSIVE;
				CLANG_WARN_UNREACHABLE_CODE = YES;
				CLANG_WARN__DUPLICATE_METHOD_MATCH = YES;
				COPY_PHASE_STRIP = NO;
				DEBUG_INFORMATION_FORMAT = dwarf;
				ENABLE_STRICT_OBJC_MSGSEND = YES;
				ENABLE_TESTABILITY = YES;
				GCC_C_LANGUAGE_STANDARD = gnu11;
				GCC_DYNAMIC_NO_PIC = NO;
				GCC_NO_COMMON_BLOCKS = YES;
				GCC_OPTIMIZATION_LEVEL = 0;
				GCC_PREPROCESSOR_DEFINITIONS = (
					"DEBUG=1",
					"$(inherited)",
				);
				GCC_WARN_64_TO_32_BIT_CONVERSION = YES;
				GCC_WARN_ABOUT_RETURN_TYPE = YES_ERROR;
				GCC_WARN_UNDECLARED_SELECTOR = YES;
				GCC_WARN_UNINITIALIZED_AUTOS = YES_AGGRESSIVE;
				GCC_WARN_UNUSED_FUNCTION = YES;
				GCC_WARN_UNUSED_VARIABLE = YES;
				IPHONEOS_DEPLOYMENT_TARGET = 14.0;
				MTL_ENABLE_DEBUG_INFO = INCLUDE_SOURCE;
				MTL_FAST_MATH = YES;
				ONLY_ACTIVE_ARCH = YES;
				SDKROOT = iphoneos;
				SWIFT_ACTIVE_COMPILATION_CONDITIONS = DEBUG;
				SWIFT_OPTIMIZATION_LEVEL = "-Onone";
			};
			name = Debug;
		};
		FB1799C025A560EB0090BD86 /* Release */ = {
			isa = XCBuildConfiguration;
			buildSettings = {
				ALWAYS_SEARCH_USER_PATHS = NO;
				CLANG_ANALYZER_NONNULL = YES;
				CLANG_ANALYZER_NUMBER_OBJECT_CONVERSION = YES_AGGRESSIVE;
				CLANG_CXX_LANGUAGE_STANDARD = "gnu++14";
				CLANG_CXX_LIBRARY = "libc++";
				CLANG_ENABLE_MODULES = YES;
				CLANG_ENABLE_OBJC_ARC = YES;
				CLANG_ENABLE_OBJC_WEAK = YES;
				CLANG_WARN_BLOCK_CAPTURE_AUTORELEASING = YES;
				CLANG_WARN_BOOL_CONVERSION = YES;
				CLANG_WARN_COMMA = YES;
				CLANG_WARN_CONSTANT_CONVERSION = YES;
				CLANG_WARN_DEPRECATED_OBJC_IMPLEMENTATIONS = YES;
				CLANG_WARN_DIRECT_OBJC_ISA_USAGE = YES_ERROR;
				CLANG_WARN_DOCUMENTATION_COMMENTS = YES;
				CLANG_WARN_EMPTY_BODY = YES;
				CLANG_WARN_ENUM_CONVERSION = YES;
				CLANG_WARN_INFINITE_RECURSION = YES;
				CLANG_WARN_INT_CONVERSION = YES;
				CLANG_WARN_NON_LITERAL_NULL_CONVERSION = YES;
				CLANG_WARN_OBJC_IMPLICIT_RETAIN_SELF = YES;
				CLANG_WARN_OBJC_LITERAL_CONVERSION = YES;
				CLANG_WARN_OBJC_ROOT_CLASS = YES_ERROR;
				CLANG_WARN_QUOTED_INCLUDE_IN_FRAMEWORK_HEADER = YES;
				CLANG_WARN_RANGE_LOOP_ANALYSIS = YES;
				CLANG_WARN_STRICT_PROTOTYPES = YES;
				CLANG_WARN_SUSPICIOUS_MOVE = YES;
				CLANG_WARN_UNGUARDED_AVAILABILITY = YES_AGGRESSIVE;
				CLANG_WARN_UNREACHABLE_CODE = YES;
				CLANG_WARN__DUPLICATE_METHOD_MATCH = YES;
				COPY_PHASE_STRIP = NO;
				DEBUG_INFORMATION_FORMAT = "dwarf-with-dsym";
				ENABLE_NS_ASSERTIONS = NO;
				ENABLE_STRICT_OBJC_MSGSEND = YES;
				GCC_C_LANGUAGE_STANDARD = gnu11;
				GCC_NO_COMMON_BLOCKS = YES;
				GCC_WARN_64_TO_32_BIT_CONVERSION = YES;
				GCC_WARN_ABOUT_RETURN_TYPE = YES_ERROR;
				GCC_WARN_UNDECLARED_SELECTOR = YES;
				GCC_WARN_UNINITIALIZED_AUTOS = YES_AGGRESSIVE;
				GCC_WARN_UNUSED_FUNCTION = YES;
				GCC_WARN_UNUSED_VARIABLE = YES;
				IPHONEOS_DEPLOYMENT_TARGET = 14.0;
				MTL_ENABLE_DEBUG_INFO = NO;
				MTL_FAST_MATH = YES;
				SDKROOT = iphoneos;
				SWIFT_COMPILATION_MODE = wholemodule;
				SWIFT_OPTIMIZATION_LEVEL = "-O";
				VALIDATE_PRODUCT = YES;
			};
			name = Release;
		};
		FB1799C225A560EB0090BD86 /* Debug */ = {
			isa = XCBuildConfiguration;
			buildSettings = {
				ASSETCATALOG_COMPILER_APPICON_NAME = AppIcon;
				ASSETCATALOG_COMPILER_GLOBAL_ACCENT_COLOR_NAME = AccentColor;
				CODE_SIGN_STYLE = Automatic;
				DEVELOPMENT_TEAM = KA6B4A6D5D;
				INFOPLIST_FILE = TodoistWithRealm/Info.plist;
				LD_RUNPATH_SEARCH_PATHS = (
					"$(inherited)",
					"@executable_path/Frameworks",
				);
				PRODUCT_BUNDLE_IDENTIFIER = RayHsu.TodoistWithRealm;
				PRODUCT_NAME = "$(TARGET_NAME)";
				SWIFT_VERSION = 5.0;
				TARGETED_DEVICE_FAMILY = "1,2";
			};
			name = Debug;
		};
		FB1799C325A560EB0090BD86 /* Release */ = {
			isa = XCBuildConfiguration;
			buildSettings = {
				ASSETCATALOG_COMPILER_APPICON_NAME = AppIcon;
				ASSETCATALOG_COMPILER_GLOBAL_ACCENT_COLOR_NAME = AccentColor;
				CODE_SIGN_STYLE = Automatic;
				DEVELOPMENT_TEAM = KA6B4A6D5D;
				INFOPLIST_FILE = TodoistWithRealm/Info.plist;
				LD_RUNPATH_SEARCH_PATHS = (
					"$(inherited)",
					"@executable_path/Frameworks",
				);
				PRODUCT_BUNDLE_IDENTIFIER = RayHsu.TodoistWithRealm;
				PRODUCT_NAME = "$(TARGET_NAME)";
				SWIFT_VERSION = 5.0;
				TARGETED_DEVICE_FAMILY = "1,2";
			};
			name = Release;
		};
/* End XCBuildConfiguration section */

/* Begin XCConfigurationList section */
		FB1799A825A560EA0090BD86 /* Build configuration list for PBXProject "TodoistWithRealm" */ = {
			isa = XCConfigurationList;
			buildConfigurations = (
				FB1799BF25A560EB0090BD86 /* Debug */,
				FB1799C025A560EB0090BD86 /* Release */,
			);
			defaultConfigurationIsVisible = 0;
			defaultConfigurationName = Release;
		};
		FB1799C125A560EB0090BD86 /* Build configuration list for PBXNativeTarget "TodoistWithRealm" */ = {
			isa = XCConfigurationList;
			buildConfigurations = (
				FB1799C225A560EB0090BD86 /* Debug */,
				FB1799C325A560EB0090BD86 /* Release */,
			);
			defaultConfigurationIsVisible = 0;
			defaultConfigurationName = Release;
		};
/* End XCConfigurationList section */

/* Begin XCRemoteSwiftPackageReference section */
		FB03F68925A6028B003E26B5 /* XCRemoteSwiftPackageReference "Reusable" */ = {
			isa = XCRemoteSwiftPackageReference;
			repositoryURL = "https://github.com/AliSoftware/Reusable.git";
			requirement = {
				kind = upToNextMajorVersion;
				minimumVersion = 4.1.1;
			};
		};
		FB03F68D25A602E6003E26B5 /* XCRemoteSwiftPackageReference "realm-cocoa" */ = {
			isa = XCRemoteSwiftPackageReference;
			repositoryURL = "https://github.com/realm/realm-cocoa.git";
			requirement = {
				kind = upToNextMajorVersion;
				minimumVersion = 10.5.0;
			};
		};
/* End XCRemoteSwiftPackageReference section */

/* Begin XCSwiftPackageProductDependency section */
		FB03F68A25A6028B003E26B5 /* Reusable */ = {
			isa = XCSwiftPackageProductDependency;
			package = FB03F68925A6028B003E26B5 /* XCRemoteSwiftPackageReference "Reusable" */;
			productName = Reusable;
		};
		FB03F68E25A602E6003E26B5 /* RealmSwift */ = {
			isa = XCSwiftPackageProductDependency;
			package = FB03F68D25A602E6003E26B5 /* XCRemoteSwiftPackageReference "realm-cocoa" */;
			productName = RealmSwift;
		};
/* End XCSwiftPackageProductDependency section */
	};
	rootObject = FB1799A525A560EA0090BD86 /* Project object */;
}
